
Microsoft Visual Studio Solution File, Format Version 12.00
# Visual Studio Version 17
VisualStudioVersion = 17.1.32328.378
MinimumVisualStudioVersion = 10.0.40219.1
Project("{FAE04EC0-301F-11D3-BF4B-00C04F79EFBC}") = "TaskManager", "TaskManager\TaskManager.csproj", "{5BC2C9F8-D41C-4B50-97E6-5982A368074F}"
EndProject
Global
	GlobalSection(SolutionConfigurationPlatforms) = preSolution
		Debug|Any CPU = Debug|Any CPU
		Release|Any CPU = Release|Any CPU
	EndGlobalSection
	GlobalSection(ProjectConfigurationPlatforms) = postSolution
		{5BC2C9F8-D41C-4B50-97E6-5982A368074F}.Debug|Any CPU.ActiveCfg = Debug|Any CPU
		{5BC2C9F8-D41C-4B50-97E6-5982A368074F}.Debug|Any CPU.Build.0 = Debug|Any CPU
		{5BC2C9F8-D41C-4B50-97E6-5982A368074F}.Release|Any CPU.ActiveCfg = Release|Any CPU
		{5BC2C9F8-D41C-4B50-97E6-5982A368074F}.Release|Any CPU.Build.0 = Release|Any CPU
	EndGlobalSection
	GlobalSection(SolutionProperties) = preSolution
		HideSolutionNode = FALSE
	EndGlobalSection
	GlobalSection(ExtensibilityGlobals) = postSolution
		SolutionGuid = {EFA0C87F-16FE-4D31-9E98-03CED01423F8}
	EndGlobalSection
EndGlobal
